# This file is automatically @generated by Poetry 1.5.1 and should not be changed by hand.

[[package]]
name = "leftpad"
version = "0.1.2"
description = "A port of the infamous left-pad npm package"
optional = false
python-versions = "*"
files = [
    {file = "leftpad-0.1.2-py3-none-any.whl", hash = "sha256:8ff2df0f8dbe6537d7f5f7cfb579b628ee81d02556971f2bb5992f6dffacc60e"},
    {file = "leftpad-0.1.2.tar.gz", hash = "sha256:e38a2ebc18e0ce3adb4116708c9d8b0ec1d15414eafa4d236be7db893e8dc911"},
]

[metadata]
lock-version = "2.0"
python-versions = "^3.10"
content-hash = "df9b917e7b7ca2cecc3769bfa698346e1de3b52720d1158dc2299d969e67a0eb"
